
Microsoft Visual Studio Solution File, Format Version 12.00
# Visual Studio Version 17
VisualStudioVersion = 17.0.31903.59
MinimumVisualStudioVersion = 10.0.40219.1
Project("{2150E333-8FDC-42A3-9474-1A3956D46DE8}") = "src", "src", "{BE51B72C-E0B5-48A6-A5A3-C566AC1C5CA3}"
EndProject
Project("{FAE04EC0-301F-11D3-BF4B-00C04F79EFBC}") = "Rotomeca.Core.Optionals", "src\Rotomeca.Core.Optionals\Rotomeca.Core.Optionals.csproj", "{C9A1A334-E4A5-4001-882D-A06D6B02314B}"
EndProject
Project("{2150E333-8FDC-42A3-9474-1A3956D46DE8}") = "tests", "tests", "{2FE326DB-E6B4-4403-94FB-E1584C34E760}"
EndProject
Project("{FAE04EC0-301F-11D3-BF4B-00C04F79EFBC}") = "Rotomeca.Core.Tests", "tests\Rotomeca.Core.Tests\Rotomeca.Core.Tests.csproj", "{D9B5C6BC-94E9-4BDB-B3EC-3CD709D9A3BB}"
EndProject
Global
	GlobalSection(SolutionConfigurationPlatforms) = preSolution
		Debug|Any CPU = Debug|Any CPU
		Release|Any CPU = Release|Any CPU
	EndGlobalSection
	GlobalSection(SolutionProperties) = preSolution
		HideSolutionNode = FALSE
	EndGlobalSection
	GlobalSection(ProjectConfigurationPlatforms) = postSolution
		{C9A1A334-E4A5-4001-882D-A06D6B02314B}.Debug|Any CPU.ActiveCfg = Debug|Any CPU
		{C9A1A334-E4A5-4001-882D-A06D6B02314B}.Debug|Any CPU.Build.0 = Debug|Any CPU
		{C9A1A334-E4A5-4001-882D-A06D6B02314B}.Release|Any CPU.ActiveCfg = Release|Any CPU
		{C9A1A334-E4A5-4001-882D-A06D6B02314B}.Release|Any CPU.Build.0 = Release|Any CPU
		{D9B5C6BC-94E9-4BDB-B3EC-3CD709D9A3BB}.Debug|Any CPU.ActiveCfg = Debug|Any CPU
		{D9B5C6BC-94E9-4BDB-B3EC-3CD709D9A3BB}.Debug|Any CPU.Build.0 = Debug|Any CPU
		{D9B5C6BC-94E9-4BDB-B3EC-3CD709D9A3BB}.Release|Any CPU.ActiveCfg = Release|Any CPU
		{D9B5C6BC-94E9-4BDB-B3EC-3CD709D9A3BB}.Release|Any CPU.Build.0 = Release|Any CPU
	EndGlobalSection
	GlobalSection(NestedProjects) = preSolution
		{C9A1A334-E4A5-4001-882D-A06D6B02314B} = {BE51B72C-E0B5-48A6-A5A3-C566AC1C5CA3}
		{D9B5C6BC-94E9-4BDB-B3EC-3CD709D9A3BB} = {2FE326DB-E6B4-4403-94FB-E1584C34E760}
	EndGlobalSection
EndGlobal
